<?xml version="1.0" encoding="utf-8"?>
<Project ToolsVersion="4.0" xmlns="http://schemas.microsoft.com/developer/msbuild/2003">
  <ItemGroup>
    <Filter Include="Source Files">
      <UniqueIdentifier>{4FC737F1-C7A5-4376-A066-2A32D752A2FF}</UniqueIdentifier>
      <Extensions>cpp;c;cc;cxx;def;odl;idl;hpj;bat;asm;asmx</Extensions>
    </Filter>
    <Filter Include="Header Files">
      <UniqueIdentifier>{93995380-89BD-4b04-88EB-625FBE52EBFB}</UniqueIdentifier>
      <Extensions>h;hh;hpp;hxx;hm;inl;inc;xsd</Extensions>
    </Filter>
    <Filter Include="Resource Files">
      <UniqueIdentifier>{67DA6AB6-F800-4c08-8B7A-83BB121AAD01}</UniqueIdentifier>
      <Extensions>rc;ico;cur;bmp;dlg;rc2;rct;bin;rgs;gif;jpg;jpeg;jpe;resx;tiff;tif;png;wav;mfcribbon-ms</Extensions>
    </Filter>
  </ItemGroup>
  <ItemGroup>
    <ClCompile Include="Source.cpp">
      <Filter>Source Files</Filter>
    </ClCompile>
    <ClCompile Include="App.cpp">
      <Filter>Source Files</Filter>
    </ClCompile>
    <ClCompile Include="states\State.cpp">
      <Filter>Source Files</Filter>
    </ClCompile>
    <ClCompile Include="states\StateStack.cpp">
      <Filter>Source Files</Filter>
    </ClCompile>
    <ClCompile Include="states\MenuState.cpp">
      <Filter>Source Files</Filter>
    </ClCompile>
    <ClCompile Include="states\GameState.cpp">
      <Filter>Source Files</Filter>
    </ClCompile>
    <ClCompile Include="entities\Entity.cpp">
      <Filter>Source Files</Filter>
    </ClCompile>
    <ClCompile Include="entities\Portal.cpp">
      <Filter>Source Files</Filter>
    </ClCompile>
    <ClCompile Include="entities\Obstacle.cpp">
      <Filter>Source Files</Filter>
    </ClCompile>
    <ClCompile Include="states\Player.cpp">
      <Filter>Source Files</Filter>
    </ClCompile>
    <ClCompile Include="utils\MathUtils.cpp">
      <Filter>Source Files</Filter>
    </ClCompile>
    <ClCompile Include="DataTables.cpp">
      <Filter>Source Files</Filter>
    </ClCompile>
    <ClCompile Include="states\editor\Tool.cpp">
      <Filter>Source Files</Filter>
    </ClCompile>
    <ClCompile Include="states\editor\Eraser.cpp">
      <Filter>Source Files</Filter>
    </ClCompile>
    <ClCompile Include="states\EditorState.cpp">
      <Filter>Source Files</Filter>
    </ClCompile>
    <ClCompile Include="states\PlayerTrail.cpp">
      <Filter>Source Files</Filter>
    </ClCompile>
    <ClCompile Include="states\RollingSprite.cpp">
      <Filter>Source Files</Filter>
    </ClCompile>
    <ClCompile Include="states\GameOverState.cpp">
      <Filter>Source Files</Filter>
    </ClCompile>
    <ClCompile Include="states\DeathState.cpp">
      <Filter>Source Files</Filter>
    </ClCompile>
    <ClCompile Include="states\PauseState.cpp">
      <Filter>Source Files</Filter>
    </ClCompile>
  </ItemGroup>
  <ItemGroup>
    <Image Include="utils\square.png">
      <Filter>Resource Files</Filter>
    </Image>
  </ItemGroup>
  <ItemGroup>
    <ClInclude Include="App.h">
      <Filter>Header Files</Filter>
    </ClInclude>
    <ClInclude Include="utils\ResourceHolder.h">
      <Filter>Header Files</Filter>
    </ClInclude>
    <ClInclude Include="states\State.h">
      <Filter>Header Files</Filter>
    </ClInclude>
    <ClInclude Include="states\States.h">
      <Filter>Header Files</Filter>
    </ClInclude>
    <ClInclude Include="states\StateStack.h">
      <Filter>Header Files</Filter>
    </ClInclude>
    <ClInclude Include="states\MenuState.h">
      <Filter>Header Files</Filter>
    </ClInclude>
    <ClInclude Include="states\GameState.h">
      <Filter>Header Files</Filter>
    </ClInclude>
    <ClInclude Include="entities\Entity.h">
      <Filter>Header Files</Filter>
    </ClInclude>
    <ClInclude Include="entities\Entities.h">
      <Filter>Header Files</Filter>
    </ClInclude>
    <ClInclude Include="entities\Portal.h">
      <Filter>Header Files</Filter>
    </ClInclude>
    <ClInclude Include="entities\Obstacle.h">
      <Filter>Header Files</Filter>
    </ClInclude>
    <ClInclude Include="Settings.h">
      <Filter>Header Files</Filter>
    </ClInclude>
    <ClInclude Include="utils\Resources.h">
      <Filter>Header Files</Filter>
    </ClInclude>
    <ClInclude Include="states\Player.h">
      <Filter>Header Files</Filter>
    </ClInclude>
    <ClInclude Include="utils\MathUtils.h">
      <Filter>Header Files</Filter>
    </ClInclude>
    <ClInclude Include="DataTables.h">
      <Filter>Header Files</Filter>
    </ClInclude>
    <ClInclude Include="states\editor\Tool.h">
      <Filter>Header Files</Filter>
    </ClInclude>
    <ClInclude Include="states\editor\Placer.h">
      <Filter>Header Files</Filter>
    </ClInclude>
    <ClInclude Include="states\editor\Eraser.h">
      <Filter>Header Files</Filter>
    </ClInclude>
    <ClInclude Include="states\EditorState.h">
      <Filter>Header Files</Filter>
    </ClInclude>
    <ClInclude Include="states\PlayerTrail.h">
      <Filter>Header Files</Filter>
    </ClInclude>
    <ClInclude Include="states\RollingSprite.h">
      <Filter>Header Files</Filter>
    </ClInclude>
    <ClInclude Include="states\GameOverState.h">
      <Filter>Header Files</Filter>
    </ClInclude>
    <ClInclude Include="states\DeathState.h">
      <Filter>Header Files</Filter>
    </ClInclude>
    <ClInclude Include="states\PauseState.h">
      <Filter>Header Files</Filter>
    </ClInclude>
  </ItemGroup>
</Project>